# This file is autogenerated, do not edit; changes may be undone by the next 'dep ensure'.


[[projects]]
  digest = "1:41b00533ad3d8b3f54b6a02fc093b211feeffb068a3148a7e7084cd7aeef18ec"
  name = "github.com/magiconair/properties"
  packages = ["assert"]
  pruneopts = "UT"
  revision = "c2353362d570a7bfa228149c62842019201cfb71"
  version = "v1.8.0"

[solve-meta]
  analyzer-name = "dep"
  analyzer-version = 1
  input-imports = ["github.com/magiconair/properties/assert"]
  solver-name = "gps-cdcl"
  solver-version = 1
